
Microsoft Visual Studio Solution File, Format Version 12.00
# Visual Studio Version 17
VisualStudioVersion = 17.4.33122.133
MinimumVisualStudioVersion = 10.0.40219.1
Project("{FAE04EC0-301F-11D3-BF4B-00C04F79EFBC}") = "MVC_Entity", "MVC_Entity\MVC_Entity.csproj", "{B34049C6-DC03-4A30-9072-55577732CDA4}"
EndProject
Global
	GlobalSection(SolutionConfigurationPlatforms) = preSolution
		Debug|Any CPU = Debug|Any CPU
		Release|Any CPU = Release|Any CPU
	EndGlobalSection
	GlobalSection(ProjectConfigurationPlatforms) = postSolution
		{B34049C6-DC03-4A30-9072-55577732CDA4}.Debug|Any CPU.ActiveCfg = Debug|Any CPU
		{B34049C6-DC03-4A30-9072-55577732CDA4}.Debug|Any CPU.Build.0 = Debug|Any CPU
		{B34049C6-DC03-4A30-9072-55577732CDA4}.Release|Any CPU.ActiveCfg = Release|Any CPU
		{B34049C6-DC03-4A30-9072-55577732CDA4}.Release|Any CPU.Build.0 = Release|Any CPU
	EndGlobalSection
	GlobalSection(SolutionProperties) = preSolution
		HideSolutionNode = FALSE
	EndGlobalSection
	GlobalSection(ExtensibilityGlobals) = postSolution
		SolutionGuid = {DED22657-B051-48A1-97FE-C86B92B92A69}
	EndGlobalSection
EndGlobal
