
Microsoft Visual Studio Solution File, Format Version 12.00
# Visual Studio Version 17
VisualStudioVersion = 17.4.33122.133
MinimumVisualStudioVersion = 10.0.40219.1
Project("{FAE04EC0-301F-11D3-BF4B-00C04F79EFBC}") = "Api_test", "Api_test\Api_test.csproj", "{745B6453-2391-42A9-AE0F-CC85E8938ACA}"
EndProject
Global
	GlobalSection(SolutionConfigurationPlatforms) = preSolution
		Debug|Any CPU = Debug|Any CPU
		Release|Any CPU = Release|Any CPU
	EndGlobalSection
	GlobalSection(ProjectConfigurationPlatforms) = postSolution
		{745B6453-2391-42A9-AE0F-CC85E8938ACA}.Debug|Any CPU.ActiveCfg = Debug|Any CPU
		{745B6453-2391-42A9-AE0F-CC85E8938ACA}.Debug|Any CPU.Build.0 = Debug|Any CPU
		{745B6453-2391-42A9-AE0F-CC85E8938ACA}.Release|Any CPU.ActiveCfg = Release|Any CPU
		{745B6453-2391-42A9-AE0F-CC85E8938ACA}.Release|Any CPU.Build.0 = Release|Any CPU
	EndGlobalSection
	GlobalSection(SolutionProperties) = preSolution
		HideSolutionNode = FALSE
	EndGlobalSection
	GlobalSection(ExtensibilityGlobals) = postSolution
		SolutionGuid = {C01F9E8B-C45E-4AF6-99AE-F0D454307E21}
	EndGlobalSection
EndGlobal
